{
  "name": "web-tree-sitter-sfapex",
  "version": "2.2.0",
  "lockfileVersion": 3,
  "requires": true,
  "packages": {
    "": {
      "name": "web-tree-sitter-sfapex",
      "version": "2.2.0",
      "license": "MIT",
      "dependencies": {
        "web-tree-sitter": "^0.23.2"
      }
    },
    "node_modules/web-tree-sitter": {
      "version": "0.23.2",
      "resolved": "https://registry.npmjs.org/web-tree-sitter/-/web-tree-sitter-0.23.2.tgz",
      "integrity": "sha512-BMZtm7sKtnmTGO7L4pcFOBidVlBxL+aUxm0O5yr3nKf5Fqz8RyvTOSjWFtqmzScyak/YFq9f5PSMRdhg2WXAJQ=="
    }
  }
}
