{
  "name": "web-tree-sitter-sfapex",
  "version": "2.4.1",
  "lockfileVersion": 3,
  "requires": true,
  "packages": {
    "": {
      "name": "web-tree-sitter-sfapex",
      "version": "2.4.1",
      "license": "MIT",
      "dependencies": {
        "web-tree-sitter": "^0.24.0"
      }
    },
    "node_modules/web-tree-sitter": {
      "version": "0.24.7",
      "resolved": "https://registry.npmjs.org/web-tree-sitter/-/web-tree-sitter-0.24.7.tgz",
      "integrity": "sha512-CdC/TqVFbXqR+C51v38hv6wOPatKEUGxa39scAeFSm98wIhZxAYonhRQPSMmfZ2w7JDI0zQDdzdmgtNk06/krQ==",
      "license": "MIT"
    }
  }
}
